%{
  "earmark_parser": {:hex, :earmark_parser, "1.4.12", "b245e875ec0a311a342320da0551da407d9d2b65d98f7a9597ae078615af3449", [:mix], [], "hexpm", "711e2cc4d64abb7d566d43f54b78f7dc129308a63bc103fbd88550d2174b3160"},
  "elixir_make": {:hex, :elixir_make, "0.6.2", "7dffacd77dec4c37b39af867cedaabb0b59f6a871f89722c25b28fcd4bd70530", [:mix], [], "hexpm", "03e49eadda22526a7e5279d53321d1cced6552f344ba4e03e619063de75348d9"},
  "ex_doc": {:hex, :ex_doc, "0.23.0", "a069bc9b0bf8efe323ecde8c0d62afc13d308b1fa3d228b65bca5cf8703a529d", [:mix], [{:earmark_parser, "~> 1.4.0", [hex: :earmark_parser, repo: "hexpm", optional: false]}, {:makeup_elixir, "~> 0.14", [hex: :makeup_elixir, repo: "hexpm", optional: false]}], "hexpm", "f5e2c4702468b2fd11b10d39416ddadd2fcdd173ba2a0285ebd92c39827a5a16"},
  "makeup": {:hex, :makeup, "1.0.5", "d5a830bc42c9800ce07dd97fa94669dfb93d3bf5fcf6ea7a0c67b2e0e4a7f26c", [:mix], [{:nimble_parsec, "~> 0.5 or ~> 1.0", [hex: :nimble_parsec, repo: "hexpm", optional: false]}], "hexpm", "cfa158c02d3f5c0c665d0af11512fed3fba0144cf1aadee0f2ce17747fba2ca9"},
  "makeup_elixir": {:hex, :makeup_elixir, "0.15.0", "98312c9f0d3730fde4049985a1105da5155bfe5c11e47bdc7406d88e01e4219b", [:mix], [{:makeup, "~> 1.0", [hex: :makeup, repo: "hexpm", optional: false]}, {:nimble_parsec, "~> 1.1", [hex: :nimble_parsec, repo: "hexpm", optional: false]}], "hexpm", "75ffa34ab1056b7e24844c90bfc62aaf6f3a37a15faa76b07bc5eba27e4a8b4a"},
  "nerves": {:hex, :nerves, "1.7.2", "8a840b37343bf13600efa25adc082cd07ef9a03e7ec9907a48583a469b8e1db5", [:make, :mix], [{:elixir_make, "~> 0.6", [hex: :elixir_make, repo: "hexpm", optional: false]}, {:jason, "~> 1.2", [hex: :jason, repo: "hexpm", optional: true]}], "hexpm", "e32d58778bee9c13349b1d3ab1153f7fcf3a8d761dac06f41d70064fc9e0afb8"},
  "nerves_system_br": {:hex, :nerves_system_br, "1.14.2", "c294bbe09b62ef06235cc1042d7e27a839845dafabdbfbc144696e478d7e6ae2", [:mix], [], "hexpm", "7623b2701c165481a755dcbd2f480671ff10fcdab87709be161e267e9c1d5873"},
  "nerves_system_linter": {:hex, :nerves_system_linter, "0.4.0", "81e9a6f5018fe5fb67d7b43a04dca36156f62b55b5554eb2fa3964d3889d09cd", [:mix], [], "hexpm", "b5bd8480ce7a6317f4601ff41fd2f594bdf76aff0bdf6dcfac571c3fa1ec5f82"},
  "nerves_toolchain_aarch64_nerves_linux_gnu": {:hex, :nerves_toolchain_aarch64_nerves_linux_gnu, "1.4.0", "502b44c9aaca310b58de3a87bc3f58794b252911af6e5d8b2278590bedf14c99", [:mix], [{:nerves, "~> 1.4", [hex: :nerves, repo: "hexpm", optional: false]}, {:nerves_toolchain_ctng, "~> 1.8.1", [hex: :nerves_toolchain_ctng, repo: "hexpm", optional: false]}], "hexpm", "6b6f247121b895585483cea447b40aab3ca54f3b5b8228869c28b7cc7033686a"},
  "nerves_toolchain_ctng": {:hex, :nerves_toolchain_ctng, "1.8.1", "444b8d51a53f7199c7985a38d9494c1508c7cf90b6fe598bc624e31800cfd700", [:mix], [{:nerves, "~> 1.0", [hex: :nerves, repo: "hexpm", optional: false]}], "hexpm", "e3969f1eaeb20e48041c699474baeff96cda5c73c1f18ff03189316a43d7a6fa"},
  "nimble_parsec": {:hex, :nimble_parsec, "1.1.0", "3a6fca1550363552e54c216debb6a9e95bd8d32348938e13de5eda962c0d7f89", [:mix], [], "hexpm", "08eb32d66b706e913ff748f11694b17981c0b04a33ef470e33e11b3d3ac8f54b"},
}
